# THIS IS AN AUTOGENERATED FILE. DO NOT EDIT THIS FILE DIRECTLY.
# yarn lockfile v1


is-empty@^1.2.0:
  version "1.2.0"
  resolved "https://registry.yarnpkg.com/is-empty/-/is-empty-1.2.0.tgz#de9bb5b278738a05a0b09a57e1fb4d4a341a9f6b"
  integrity sha512-F2FnH/otLNJv0J6wc73A5Xo7oHLNnqplYqZhUu01tD54DIPvxIRSTSLkrUB/M0nHO4vo1O9PDfN4KoTxCzLh/w==
